# THIS IS AN AUTOGENERATED FILE. DO NOT EDIT THIS FILE DIRECTLY.
# yarn lockfile v1


"@polymer/polymer@LasaleFamine/polymer#3.0-preview":
  version "3.0.0-pre.1"
  resolved "https://codeload.github.com/LasaleFamine/polymer/tar.gz/9ed662e00a2c9f80a4042931edf7bcac793ea0e5"
  dependencies:
    "@webcomponents/shadycss" "^1.0.0"
    "@webcomponents/webcomponentsjs" "1.0.14"

"@webcomponents/shadycss@^1.0.0":
  version "1.1.0"
  resolved "https://registry.yarnpkg.com/@webcomponents/shadycss/-/shadycss-1.1.0.tgz#3a31b062d6f0837b2a34bec1edea8b6fb046b2eb"

"@webcomponents/webcomponentsjs@1.0.14":
  version "1.0.14"
  resolved "https://registry.yarnpkg.com/@webcomponents/webcomponentsjs/-/webcomponentsjs-1.0.14.tgz#7760823bfaa94306cee087603a0b1a1d22ee005f"
